
Microsoft Visual Studio Solution File, Format Version 12.00
# Visual Studio Version 16
VisualStudioVersion = 16.0.30907.101
MinimumVisualStudioVersion = 10.0.40219.1
Project("{8BC9CEB8-8B4A-11D0-8D11-00A0C91BC942}") = "balls_kursach", "balls_kursach\balls_kursach.vcxproj", "{EACCBFB9-767F-44F5-9FED-8E8480DE682C}"
EndProject
Global
	GlobalSection(SolutionConfigurationPlatforms) = preSolution
		Debug|x64 = Debug|x64
		Debug|x86 = Debug|x86
		Release|x64 = Release|x64
		Release|x86 = Release|x86
	EndGlobalSection
	GlobalSection(ProjectConfigurationPlatforms) = postSolution
		{EACCBFB9-767F-44F5-9FED-8E8480DE682C}.Debug|x64.ActiveCfg = Debug|x64
		{EACCBFB9-767F-44F5-9FED-8E8480DE682C}.Debug|x64.Build.0 = Debug|x64
		{EACCBFB9-767F-44F5-9FED-8E8480DE682C}.Debug|x86.ActiveCfg = Debug|Win32
		{EACCBFB9-767F-44F5-9FED-8E8480DE682C}.Debug|x86.Build.0 = Debug|Win32
		{EACCBFB9-767F-44F5-9FED-8E8480DE682C}.Release|x64.ActiveCfg = Release|x64
		{EACCBFB9-767F-44F5-9FED-8E8480DE682C}.Release|x64.Build.0 = Release|x64
		{EACCBFB9-767F-44F5-9FED-8E8480DE682C}.Release|x86.ActiveCfg = Release|Win32
		{EACCBFB9-767F-44F5-9FED-8E8480DE682C}.Release|x86.Build.0 = Release|Win32
	EndGlobalSection
	GlobalSection(SolutionProperties) = preSolution
		HideSolutionNode = FALSE
	EndGlobalSection
	GlobalSection(ExtensibilityGlobals) = postSolution
		SolutionGuid = {2BBE9769-2B9A-4CAC-8EDC-B086E3B95143}
	EndGlobalSection
EndGlobal
